
Microsoft Visual Studio Solution File, Format Version 12.00
# Visual Studio 15
VisualStudioVersion = 15.0.28010.2036
MinimumVisualStudioVersion = 10.0.40219.1
Project("{FAE04EC0-301F-11D3-BF4B-00C04F79EFBC}") = "UserManager.Android", "UserManager\UserManager.Android\UserManager.Android.csproj", "{5E2B0D7B-4601-43EE-9DA3-836883FB11AA}"
EndProject
Project("{9A19103F-16F7-4668-BE54-9A1E7A4F7556}") = "UserManager", "UserManager\UserManager\UserManager.csproj", "{7ED3EAB9-BE18-4E84-B4E2-B4B3C7A8B731}"
EndProject
Global
	GlobalSection(SolutionConfigurationPlatforms) = preSolution
		Debug|Any CPU = Debug|Any CPU
		Release|Any CPU = Release|Any CPU
	EndGlobalSection
	GlobalSection(ProjectConfigurationPlatforms) = postSolution
		{5E2B0D7B-4601-43EE-9DA3-836883FB11AA}.Debug|Any CPU.ActiveCfg = Debug|Any CPU
		{5E2B0D7B-4601-43EE-9DA3-836883FB11AA}.Debug|Any CPU.Build.0 = Debug|Any CPU
		{5E2B0D7B-4601-43EE-9DA3-836883FB11AA}.Debug|Any CPU.Deploy.0 = Debug|Any CPU
		{5E2B0D7B-4601-43EE-9DA3-836883FB11AA}.Release|Any CPU.ActiveCfg = Release|Any CPU
		{5E2B0D7B-4601-43EE-9DA3-836883FB11AA}.Release|Any CPU.Build.0 = Release|Any CPU
		{5E2B0D7B-4601-43EE-9DA3-836883FB11AA}.Release|Any CPU.Deploy.0 = Release|Any CPU
		{7ED3EAB9-BE18-4E84-B4E2-B4B3C7A8B731}.Debug|Any CPU.ActiveCfg = Debug|Any CPU
		{7ED3EAB9-BE18-4E84-B4E2-B4B3C7A8B731}.Debug|Any CPU.Build.0 = Debug|Any CPU
		{7ED3EAB9-BE18-4E84-B4E2-B4B3C7A8B731}.Debug|Any CPU.Deploy.0 = Debug|Any CPU
		{7ED3EAB9-BE18-4E84-B4E2-B4B3C7A8B731}.Release|Any CPU.ActiveCfg = Release|Any CPU
		{7ED3EAB9-BE18-4E84-B4E2-B4B3C7A8B731}.Release|Any CPU.Build.0 = Release|Any CPU
		{7ED3EAB9-BE18-4E84-B4E2-B4B3C7A8B731}.Release|Any CPU.Deploy.0 = Release|Any CPU
	EndGlobalSection
	GlobalSection(SolutionProperties) = preSolution
		HideSolutionNode = FALSE
	EndGlobalSection
	GlobalSection(ExtensibilityGlobals) = postSolution
		SolutionGuid = {54ACCA05-2AA2-4946-B373-BB7DCE56A0C1}
	EndGlobalSection
EndGlobal
